// !$*UTF8*$!
{
	archiveVersion = 1;
	classes = {
	};
	objectVersion = 46;
	objects = {

/* Begin PBXBuildFile section */
		9370D0482E9D086BABEA8814 /* Pods_Album.framework in Frameworks */ = {isa = PBXBuildFile; fileRef = 3CA23337177BD84993F4AA9E /* Pods_Album.framework */; };
		AE5B989D1CCF3F6500444F42 /* NSDateEx.swift in Sources */ = {isa = PBXBuildFile; fileRef = AE5B989C1CCF3F6500444F42 /* NSDateEx.swift */; };
		AE5B989F1CCF586900444F42 /* Curly.swift in Sources */ = {isa = PBXBuildFile; fileRef = AE5B989E1CCF586900444F42 /* Curly.swift */; };
		AE5B98A51CCF735400444F42 /* MomentCell.swift in Sources */ = {isa = PBXBuildFile; fileRef = AE5B98A11CCF735400444F42 /* MomentCell.swift */; };
		AE5B98A61CCF735400444F42 /* MomentCollectionLayout.swift in Sources */ = {isa = PBXBuildFile; fileRef = AE5B98A21CCF735400444F42 /* MomentCollectionLayout.swift */; };
		AE5B98A71CCF735400444F42 /* MomentReusableView.swift in Sources */ = {isa = PBXBuildFile; fileRef = AE5B98A31CCF735400444F42 /* MomentReusableView.swift */; };
		AE5B98A81CCF735400444F42 /* MomentViewController.swift in Sources */ = {isa = PBXBuildFile; fileRef = AE5B98A41CCF735400444F42 /* MomentViewController.swift */; };
		AE5B98AA1CCF737D00444F42 /* CollectionViewDataSource.swift in Sources */ = {isa = PBXBuildFile; fileRef = AE5B98A91CCF737D00444F42 /* CollectionViewDataSource.swift */; };
		AE5B98AC1CCF73E200444F42 /* CollectionViewDelegateFlowLayout.swift in Sources */ = {isa = PBXBuildFile; fileRef = AE5B98AB1CCF73E200444F42 /* CollectionViewDelegateFlowLayout.swift */; };
		AE5B98AE1CCF742100444F42 /* CollectionViewDelegate.swift in Sources */ = {isa = PBXBuildFile; fileRef = AE5B98AD1CCF742100444F42 /* CollectionViewDelegate.swift */; };
		AE71001D1D5C4DE60038CA47 /* CustomTransitioning.swift in Sources */ = {isa = PBXBuildFile; fileRef = AE71001C1D5C4DE60038CA47 /* CustomTransitioning.swift */; };
		AEDBF7531D5C23DB00E90762 /* PhotoPerviewViewController.swift in Sources */ = {isa = PBXBuildFile; fileRef = AEDBF7511D5C23DB00E90762 /* PhotoPerviewViewController.swift */; };
		AEDBF7551D5C23FA00E90762 /* PhotoPerviewDetailViewController.swift in Sources */ = {isa = PBXBuildFile; fileRef = AEDBF7541D5C23FA00E90762 /* PhotoPerviewDetailViewController.swift */; };
		AEDBF7571D5C26CB00E90762 /* PHImageLoader.swift in Sources */ = {isa = PBXBuildFile; fileRef = AEDBF7561D5C26CB00E90762 /* PHImageLoader.swift */; };
		AEDEFE9F1CCF17670042F75F /* ExtensionUtil.swift in Sources */ = {isa = PBXBuildFile; fileRef = AEDEFE9E1CCF17670042F75F /* ExtensionUtil.swift */; };
		AEDF788B1CCE242700FACFCB /* AppDelegate.swift in Sources */ = {isa = PBXBuildFile; fileRef = AEDF788A1CCE242700FACFCB /* AppDelegate.swift */; };
		AEDF788D1CCE242700FACFCB /* InspectionViewController.swift in Sources */ = {isa = PBXBuildFile; fileRef = AEDF788C1CCE242700FACFCB /* InspectionViewController.swift */; };
		AEDF78901CCE242700FACFCB /* Main.storyboard in Resources */ = {isa = PBXBuildFile; fileRef = AEDF788E1CCE242700FACFCB /* Main.storyboard */; };
		AEDF78921CCE242700FACFCB /* Assets.xcassets in Resources */ = {isa = PBXBuildFile; fileRef = AEDF78911CCE242700FACFCB /* Assets.xcassets */; };
		AEDF78951CCE242700FACFCB /* LaunchScreen.storyboard in Resources */ = {isa = PBXBuildFile; fileRef = AEDF78931CCE242700FACFCB /* LaunchScreen.storyboard */; };
		AEDF789E1CCE261000FACFCB /* PhotoAuthProtocol.swift in Sources */ = {isa = PBXBuildFile; fileRef = AEDF789D1CCE261000FACFCB /* PhotoAuthProtocol.swift */; };
/* End PBXBuildFile section */

/* Begin PBXFileReference section */
		0ABB9EF8D2247FF4107C43C3 /* Pods-Album.release.xcconfig */ = {isa = PBXFileReference; includeInIndex = 1; lastKnownFileType = text.xcconfig; name = "Pods-Album.release.xcconfig"; path = "Pods/Target Support Files/Pods-Album/Pods-Album.release.xcconfig"; sourceTree = "<group>"; };
		3CA23337177BD84993F4AA9E /* Pods_Album.framework */ = {isa = PBXFileReference; explicitFileType = wrapper.framework; includeInIndex = 0; path = Pods_Album.framework; sourceTree = BUILT_PRODUCTS_DIR; };
		812EEA70BE3C5E02AAFDF338 /* Pods-Album.debug.xcconfig */ = {isa = PBXFileReference; includeInIndex = 1; lastKnownFileType = text.xcconfig; name = "Pods-Album.debug.xcconfig"; path = "Pods/Target Support Files/Pods-Album/Pods-Album.debug.xcconfig"; sourceTree = "<group>"; };
		AE5B989C1CCF3F6500444F42 /* NSDateEx.swift */ = {isa = PBXFileReference; fileEncoding = 4; lastKnownFileType = sourcecode.swift; path = NSDateEx.swift; sourceTree = "<group>"; };
		AE5B989E1CCF586900444F42 /* Curly.swift */ = {isa = PBXFileReference; fileEncoding = 4; lastKnownFileType = sourcecode.swift; path = Curly.swift; sourceTree = "<group>"; };
		AE5B98A11CCF735400444F42 /* MomentCell.swift */ = {isa = PBXFileReference; fileEncoding = 4; lastKnownFileType = sourcecode.swift; path = MomentCell.swift; sourceTree = "<group>"; };
		AE5B98A21CCF735400444F42 /* MomentCollectionLayout.swift */ = {isa = PBXFileReference; fileEncoding = 4; lastKnownFileType = sourcecode.swift; path = MomentCollectionLayout.swift; sourceTree = "<group>"; };
		AE5B98A31CCF735400444F42 /* MomentReusableView.swift */ = {isa = PBXFileReference; fileEncoding = 4; lastKnownFileType = sourcecode.swift; path = MomentReusableView.swift; sourceTree = "<group>"; };
		AE5B98A41CCF735400444F42 /* MomentViewController.swift */ = {isa = PBXFileReference; fileEncoding = 4; lastKnownFileType = sourcecode.swift; path = MomentViewController.swift; sourceTree = "<group>"; };
		AE5B98A91CCF737D00444F42 /* CollectionViewDataSource.swift */ = {isa = PBXFileReference; fileEncoding = 4; lastKnownFileType = sourcecode.swift; path = CollectionViewDataSource.swift; sourceTree = "<group>"; };
		AE5B98AB1CCF73E200444F42 /* CollectionViewDelegateFlowLayout.swift */ = {isa = PBXFileReference; fileEncoding = 4; lastKnownFileType = sourcecode.swift; path = CollectionViewDelegateFlowLayout.swift; sourceTree = "<group>"; };
		AE5B98AD1CCF742100444F42 /* CollectionViewDelegate.swift */ = {isa = PBXFileReference; fileEncoding = 4; lastKnownFileType = sourcecode.swift; path = CollectionViewDelegate.swift; sourceTree = "<group>"; };
		AE71001C1D5C4DE60038CA47 /* CustomTransitioning.swift */ = {isa = PBXFileReference; fileEncoding = 4; lastKnownFileType = sourcecode.swift; path = CustomTransitioning.swift; sourceTree = "<group>"; };
		AEDBF7511D5C23DB00E90762 /* PhotoPerviewViewController.swift */ = {isa = PBXFileReference; fileEncoding = 4; lastKnownFileType = sourcecode.swift; path = PhotoPerviewViewController.swift; sourceTree = "<group>"; };
		AEDBF7541D5C23FA00E90762 /* PhotoPerviewDetailViewController.swift */ = {isa = PBXFileReference; fileEncoding = 4; lastKnownFileType = sourcecode.swift; path = PhotoPerviewDetailViewController.swift; sourceTree = "<group>"; };
		AEDBF7561D5C26CB00E90762 /* PHImageLoader.swift */ = {isa = PBXFileReference; fileEncoding = 4; lastKnownFileType = sourcecode.swift; path = PHImageLoader.swift; sourceTree = "<group>"; };
		AEDEFE9E1CCF17670042F75F /* ExtensionUtil.swift */ = {isa = PBXFileReference; fileEncoding = 4; lastKnownFileType = sourcecode.swift; path = ExtensionUtil.swift; sourceTree = "<group>"; };
		AEDF78871CCE242700FACFCB /* Album.app */ = {isa = PBXFileReference; explicitFileType = wrapper.application; includeInIndex = 0; path = Album.app; sourceTree = BUILT_PRODUCTS_DIR; };
		AEDF788A1CCE242700FACFCB /* AppDelegate.swift */ = {isa = PBXFileReference; lastKnownFileType = sourcecode.swift; path = AppDelegate.swift; sourceTree = "<group>"; };
		AEDF788C1CCE242700FACFCB /* InspectionViewController.swift */ = {isa = PBXFileReference; lastKnownFileType = sourcecode.swift; path = InspectionViewController.swift; sourceTree = "<group>"; };
		AEDF788F1CCE242700FACFCB /* Base */ = {isa = PBXFileReference; lastKnownFileType = file.storyboard; name = Base; path = Base.lproj/Main.storyboard; sourceTree = "<group>"; };
		AEDF78911CCE242700FACFCB /* Assets.xcassets */ = {isa = PBXFileReference; lastKnownFileType = folder.assetcatalog; path = Assets.xcassets; sourceTree = "<group>"; };
		AEDF78941CCE242700FACFCB /* Base */ = {isa = PBXFileReference; lastKnownFileType = file.storyboard; name = Base; path = Base.lproj/LaunchScreen.storyboard; sourceTree = "<group>"; };
		AEDF78961CCE242700FACFCB /* Info.plist */ = {isa = PBXFileReference; lastKnownFileType = text.plist.xml; path = Info.plist; sourceTree = "<group>"; };
		AEDF789D1CCE261000FACFCB /* PhotoAuthProtocol.swift */ = {isa = PBXFileReference; fileEncoding = 4; lastKnownFileType = sourcecode.swift; path = PhotoAuthProtocol.swift; sourceTree = "<group>"; };
/* End PBXFileReference section */

/* Begin PBXFrameworksBuildPhase section */
		AEDF78841CCE242700FACFCB /* Frameworks */ = {
			isa = PBXFrameworksBuildPhase;
			buildActionMask = 2147483647;
			files = (
				9370D0482E9D086BABEA8814 /* Pods_Album.framework in Frameworks */,
			);
			runOnlyForDeploymentPostprocessing = 0;
		};
/* End PBXFrameworksBuildPhase section */

/* Begin PBXGroup section */
		AE5B98A01CCF735400444F42 /* MomentCollectionView */ = {
			isa = PBXGroup;
			children = (
				AE5B98A41CCF735400444F42 /* MomentViewController.swift */,
				AE5B98A11CCF735400444F42 /* MomentCell.swift */,
				AE5B98A21CCF735400444F42 /* MomentCollectionLayout.swift */,
				AE5B98A31CCF735400444F42 /* MomentReusableView.swift */,
				AE5B98AB1CCF73E200444F42 /* CollectionViewDelegateFlowLayout.swift */,
				AE5B98A91CCF737D00444F42 /* CollectionViewDataSource.swift */,
				AE5B98AD1CCF742100444F42 /* CollectionViewDelegate.swift */,
			);
			path = MomentCollectionView;
			sourceTree = "<group>";
		};
		AED6A0F81D5B3B4D00A6CFD5 /* Brower */ = {
			isa = PBXGroup;
			children = (
				AEDBF7501D5C23DB00E90762 /* BrowerViewController */,
				AEDBF7521D5C23DB00E90762 /* DetailViewController */,
			);
			path = Brower;
			sourceTree = "<group>";
		};
		AEDBF7501D5C23DB00E90762 /* BrowerViewController */ = {
			isa = PBXGroup;
			children = (
				AEDBF7511D5C23DB00E90762 /* PhotoPerviewViewController.swift */,
				AE71001C1D5C4DE60038CA47 /* CustomTransitioning.swift */,
			);
			path = BrowerViewController;
			sourceTree = "<group>";
		};
		AEDBF7521D5C23DB00E90762 /* DetailViewController */ = {
			isa = PBXGroup;
			children = (
				AEDBF7541D5C23FA00E90762 /* PhotoPerviewDetailViewController.swift */,
			);
			path = DetailViewController;
			sourceTree = "<group>";
		};
		AEDEFE971CCF14C00042F75F /* Moment */ = {
			isa = PBXGroup;
			children = (
				AE5B98A01CCF735400444F42 /* MomentCollectionView */,
			);
			path = Moment;
			sourceTree = "<group>";
		};
		AEDF787E1CCE242600FACFCB = {
			isa = PBXGroup;
			children = (
				AEDF789C1CCE25E900FACFCB /* Resources */,
				AEDF78891CCE242700FACFCB /* Album */,
				AEDF78881CCE242700FACFCB /* Products */,
				D56B57BA79CE783E478C8B3D /* Pods */,
				DCA11D701C2762D6CC5C0F07 /* Frameworks */,
			);
			sourceTree = "<group>";
		};
		AEDF78881CCE242700FACFCB /* Products */ = {
			isa = PBXGroup;
			children = (
				AEDF78871CCE242700FACFCB /* Album.app */,
			);
			name = Products;
			sourceTree = "<group>";
		};
		AEDF78891CCE242700FACFCB /* Album */ = {
			isa = PBXGroup;
			children = (
				AED6A0F81D5B3B4D00A6CFD5 /* Brower */,
				AEDEFE971CCF14C00042F75F /* Moment */,
				AEDF788A1CCE242700FACFCB /* AppDelegate.swift */,
				AEDF788C1CCE242700FACFCB /* InspectionViewController.swift */,
				AEDF788E1CCE242700FACFCB /* Main.storyboard */,
				AEDF78911CCE242700FACFCB /* Assets.xcassets */,
				AEDF78931CCE242700FACFCB /* LaunchScreen.storyboard */,
				AEDF78961CCE242700FACFCB /* Info.plist */,
			);
			path = Album;
			sourceTree = "<group>";
		};
		AEDF789C1CCE25E900FACFCB /* Resources */ = {
			isa = PBXGroup;
			children = (
				AEDF789D1CCE261000FACFCB /* PhotoAuthProtocol.swift */,
				AEDEFE9E1CCF17670042F75F /* ExtensionUtil.swift */,
				AE5B989C1CCF3F6500444F42 /* NSDateEx.swift */,
				AE5B989E1CCF586900444F42 /* Curly.swift */,
				AEDBF7561D5C26CB00E90762 /* PHImageLoader.swift */,
			);
			path = Resources;
			sourceTree = "<group>";
		};
		D56B57BA79CE783E478C8B3D /* Pods */ = {
			isa = PBXGroup;
			children = (
				812EEA70BE3C5E02AAFDF338 /* Pods-Album.debug.xcconfig */,
				0ABB9EF8D2247FF4107C43C3 /* Pods-Album.release.xcconfig */,
			);
			name = Pods;
			sourceTree = "<group>";
		};
		DCA11D701C2762D6CC5C0F07 /* Frameworks */ = {
			isa = PBXGroup;
			children = (
				3CA23337177BD84993F4AA9E /* Pods_Album.framework */,
			);
			name = Frameworks;
			sourceTree = "<group>";
		};
/* End PBXGroup section */

/* Begin PBXNativeTarget section */
		AEDF78861CCE242700FACFCB /* Album */ = {
			isa = PBXNativeTarget;
			buildConfigurationList = AEDF78991CCE242700FACFCB /* Build configuration list for PBXNativeTarget "Album" */;
			buildPhases = (
				42EA8D8CB49089E40CF81FFA /* [CP] Check Pods Manifest.lock */,
				AEDF78831CCE242700FACFCB /* Sources */,
				AEDF78841CCE242700FACFCB /* Frameworks */,
				AEDF78851CCE242700FACFCB /* Resources */,
				B737B0ECDE558760E3987DA0 /* [CP] Embed Pods Frameworks */,
				E6820244A368DA92C48C8831 /* [CP] Copy Pods Resources */,
			);
			buildRules = (
			);
			dependencies = (
			);
			name = Album;
			productName = Album;
			productReference = AEDF78871CCE242700FACFCB /* Album.app */;
			productType = "com.apple.product-type.application";
		};
/* End PBXNativeTarget section */

/* Begin PBXProject section */
		AEDF787F1CCE242600FACFCB /* Project object */ = {
			isa = PBXProject;
			attributes = {
				LastSwiftUpdateCheck = 0730;
				LastUpgradeCheck = 0730;
				ORGANIZATIONNAME = aimobier;
				TargetAttributes = {
					AEDF78861CCE242700FACFCB = {
						CreatedOnToolsVersion = 7.3;
						DevelopmentTeam = CAY8P2B9Z3;
					};
				};
			};
			buildConfigurationList = AEDF78821CCE242600FACFCB /* Build configuration list for PBXProject "Album" */;
			compatibilityVersion = "Xcode 3.2";
			developmentRegion = English;
			hasScannedForEncodings = 0;
			knownRegions = (
				en,
				Base,
			);
			mainGroup = AEDF787E1CCE242600FACFCB;
			productRefGroup = AEDF78881CCE242700FACFCB /* Products */;
			projectDirPath = "";
			projectRoot = "";
			targets = (
				AEDF78861CCE242700FACFCB /* Album */,
			);
		};
/* End PBXProject section */

/* Begin PBXResourcesBuildPhase section */
		AEDF78851CCE242700FACFCB /* Resources */ = {
			isa = PBXResourcesBuildPhase;
			buildActionMask = 2147483647;
			files = (
				AEDF78951CCE242700FACFCB /* LaunchScreen.storyboard in Resources */,
				AEDF78921CCE242700FACFCB /* Assets.xcassets in Resources */,
				AEDF78901CCE242700FACFCB /* Main.storyboard in Resources */,
			);
			runOnlyForDeploymentPostprocessing = 0;
		};
/* End PBXResourcesBuildPhase section */

/* Begin PBXShellScriptBuildPhase section */
		42EA8D8CB49089E40CF81FFA /* [CP] Check Pods Manifest.lock */ = {
			isa = PBXShellScriptBuildPhase;
			buildActionMask = 2147483647;
			files = (
			);
			inputPaths = (
			);
			name = "[CP] Check Pods Manifest.lock";
			outputPaths = (
			);
			runOnlyForDeploymentPostprocessing = 0;
			shellPath = /bin/sh;
			shellScript = "diff \"${PODS_ROOT}/../Podfile.lock\" \"${PODS_ROOT}/Manifest.lock\" > /dev/null\nif [ $? != 0 ] ; then\n    # print error to STDERR\n    echo \"error: The sandbox is not in sync with the Podfile.lock. Run 'pod install' or update your CocoaPods installation.\" >&2\n    exit 1\nfi\n";
			showEnvVarsInLog = 0;
		};
		B737B0ECDE558760E3987DA0 /* [CP] Embed Pods Frameworks */ = {
			isa = PBXShellScriptBuildPhase;
			buildActionMask = 2147483647;
			files = (
			);
			inputPaths = (
			);
			name = "[CP] Embed Pods Frameworks";
			outputPaths = (
			);
			runOnlyForDeploymentPostprocessing = 0;
			shellPath = /bin/sh;
			shellScript = "\"${SRCROOT}/Pods/Target Support Files/Pods-Album/Pods-Album-frameworks.sh\"\n";
			showEnvVarsInLog = 0;
		};
		E6820244A368DA92C48C8831 /* [CP] Copy Pods Resources */ = {
			isa = PBXShellScriptBuildPhase;
			buildActionMask = 2147483647;
			files = (
			);
			inputPaths = (
			);
			name = "[CP] Copy Pods Resources";
			outputPaths = (
			);
			runOnlyForDeploymentPostprocessing = 0;
			shellPath = /bin/sh;
			shellScript = "\"${SRCROOT}/Pods/Target Support Files/Pods-Album/Pods-Album-resources.sh\"\n";
			showEnvVarsInLog = 0;
		};
/* End PBXShellScriptBuildPhase section */

/* Begin PBXSourcesBuildPhase section */
		AEDF78831CCE242700FACFCB /* Sources */ = {
			isa = PBXSourcesBuildPhase;
			buildActionMask = 2147483647;
			files = (
				AEDBF7571D5C26CB00E90762 /* PHImageLoader.swift in Sources */,
				AE5B98A71CCF735400444F42 /* MomentReusableView.swift in Sources */,
				AE5B98AA1CCF737D00444F42 /* CollectionViewDataSource.swift in Sources */,
				AE5B989F1CCF586900444F42 /* Curly.swift in Sources */,
				AE71001D1D5C4DE60038CA47 /* CustomTransitioning.swift in Sources */,
				AE5B98A81CCF735400444F42 /* MomentViewController.swift in Sources */,
				AE5B98A61CCF735400444F42 /* MomentCollectionLayout.swift in Sources */,
				AE5B98AC1CCF73E200444F42 /* CollectionViewDelegateFlowLayout.swift in Sources */,
				AE5B989D1CCF3F6500444F42 /* NSDateEx.swift in Sources */,
				AE5B98AE1CCF742100444F42 /* CollectionViewDelegate.swift in Sources */,
				AEDF788D1CCE242700FACFCB /* InspectionViewController.swift in Sources */,
				AEDEFE9F1CCF17670042F75F /* ExtensionUtil.swift in Sources */,
				AE5B98A51CCF735400444F42 /* MomentCell.swift in Sources */,
				AEDF789E1CCE261000FACFCB /* PhotoAuthProtocol.swift in Sources */,
				AEDBF7531D5C23DB00E90762 /* PhotoPerviewViewController.swift in Sources */,
				AEDF788B1CCE242700FACFCB /* AppDelegate.swift in Sources */,
				AEDBF7551D5C23FA00E90762 /* PhotoPerviewDetailViewController.swift in Sources */,
			);
			runOnlyForDeploymentPostprocessing = 0;
		};
/* End PBXSourcesBuildPhase section */

/* Begin PBXVariantGroup section */
		AEDF788E1CCE242700FACFCB /* Main.storyboard */ = {
			isa = PBXVariantGroup;
			children = (
				AEDF788F1CCE242700FACFCB /* Base */,
			);
			name = Main.storyboard;
			sourceTree = "<group>";
		};
		AEDF78931CCE242700FACFCB /* LaunchScreen.storyboard */ = {
			isa = PBXVariantGroup;
			children = (
				AEDF78941CCE242700FACFCB /* Base */,
			);
			name = LaunchScreen.storyboard;
			sourceTree = "<group>";
		};
/* End PBXVariantGroup section */

/* Begin XCBuildConfiguration section */
		AEDF78971CCE242700FACFCB /* Debug */ = {
			isa = XCBuildConfiguration;
			buildSettings = {
				ALWAYS_SEARCH_USER_PATHS = NO;
				CLANG_ANALYZER_NONNULL = YES;
				CLANG_CXX_LANGUAGE_STANDARD = "gnu++0x";
				CLANG_CXX_LIBRARY = "libc++";
				CLANG_ENABLE_MODULES = YES;
				CLANG_ENABLE_OBJC_ARC = YES;
				CLANG_WARN_BOOL_CONVERSION = YES;
				CLANG_WARN_CONSTANT_CONVERSION = YES;
				CLANG_WARN_DIRECT_OBJC_ISA_USAGE = YES_ERROR;
				CLANG_WARN_EMPTY_BODY = YES;
				CLANG_WARN_ENUM_CONVERSION = YES;
				CLANG_WARN_INT_CONVERSION = YES;
				CLANG_WARN_OBJC_ROOT_CLASS = YES_ERROR;
				CLANG_WARN_UNREACHABLE_CODE = YES;
				CLANG_WARN__DUPLICATE_METHOD_MATCH = YES;
				"CODE_SIGN_IDENTITY[sdk=iphoneos*]" = "iPhone Developer";
				COPY_PHASE_STRIP = NO;
				DEBUG_INFORMATION_FORMAT = dwarf;
				ENABLE_STRICT_OBJC_MSGSEND = YES;
				ENABLE_TESTABILITY = YES;
				GCC_C_LANGUAGE_STANDARD = gnu99;
				GCC_DYNAMIC_NO_PIC = NO;
				GCC_NO_COMMON_BLOCKS = YES;
				GCC_OPTIMIZATION_LEVEL = 0;
				GCC_PREPROCESSOR_DEFINITIONS = (
					"DEBUG=1",
					"$(inherited)",
				);
				GCC_WARN_64_TO_32_BIT_CONVERSION = YES;
				GCC_WARN_ABOUT_RETURN_TYPE = YES_ERROR;
				GCC_WARN_UNDECLARED_SELECTOR = YES;
				GCC_WARN_UNINITIALIZED_AUTOS = YES_AGGRESSIVE;
				GCC_WARN_UNUSED_FUNCTION = YES;
				GCC_WARN_UNUSED_VARIABLE = YES;
				IPHONEOS_DEPLOYMENT_TARGET = 9.3;
				MTL_ENABLE_DEBUG_INFO = YES;
				ONLY_ACTIVE_ARCH = YES;
				SDKROOT = iphoneos;
				SWIFT_OPTIMIZATION_LEVEL = "-Onone";
				TARGETED_DEVICE_FAMILY = "1,2";
			};
			name = Debug;
		};
		AEDF78981CCE242700FACFCB /* Release */ = {
			isa = XCBuildConfiguration;
			buildSettings = {
				ALWAYS_SEARCH_USER_PATHS = NO;
				CLANG_ANALYZER_NONNULL = YES;
				CLANG_CXX_LANGUAGE_STANDARD = "gnu++0x";
				CLANG_CXX_LIBRARY = "libc++";
				CLANG_ENABLE_MODULES = YES;
				CLANG_ENABLE_OBJC_ARC = YES;
				CLANG_WARN_BOOL_CONVERSION = YES;
				CLANG_WARN_CONSTANT_CONVERSION = YES;
				CLANG_WARN_DIRECT_OBJC_ISA_USAGE = YES_ERROR;
				CLANG_WARN_EMPTY_BODY = YES;
				CLANG_WARN_ENUM_CONVERSION = YES;
				CLANG_WARN_INT_CONVERSION = YES;
				CLANG_WARN_OBJC_ROOT_CLASS = YES_ERROR;
				CLANG_WARN_UNREACHABLE_CODE = YES;
				CLANG_WARN__DUPLICATE_METHOD_MATCH = YES;
				"CODE_SIGN_IDENTITY[sdk=iphoneos*]" = "iPhone Developer";
				COPY_PHASE_STRIP = NO;
				DEBUG_INFORMATION_FORMAT = "dwarf-with-dsym";
				ENABLE_NS_ASSERTIONS = NO;
				ENABLE_STRICT_OBJC_MSGSEND = YES;
				GCC_C_LANGUAGE_STANDARD = gnu99;
				GCC_NO_COMMON_BLOCKS = YES;
				GCC_WARN_64_TO_32_BIT_CONVERSION = YES;
				GCC_WARN_ABOUT_RETURN_TYPE = YES_ERROR;
				GCC_WARN_UNDECLARED_SELECTOR = YES;
				GCC_WARN_UNINITIALIZED_AUTOS = YES_AGGRESSIVE;
				GCC_WARN_UNUSED_FUNCTION = YES;
				GCC_WARN_UNUSED_VARIABLE = YES;
				IPHONEOS_DEPLOYMENT_TARGET = 9.3;
				MTL_ENABLE_DEBUG_INFO = NO;
				SDKROOT = iphoneos;
				TARGETED_DEVICE_FAMILY = "1,2";
				VALIDATE_PRODUCT = YES;
			};
			name = Release;
		};
		AEDF789A1CCE242700FACFCB /* Debug */ = {
			isa = XCBuildConfiguration;
			baseConfigurationReference = 812EEA70BE3C5E02AAFDF338 /* Pods-Album.debug.xcconfig */;
			buildSettings = {
				ASSETCATALOG_COMPILER_APPICON_NAME = AppIcon;
				CODE_SIGN_IDENTITY = "iPhone Developer";
				"CODE_SIGN_IDENTITY[sdk=iphoneos*]" = "iPhone Developer";
				INFOPLIST_FILE = Album/Info.plist;
				IPHONEOS_DEPLOYMENT_TARGET = 9.0;
				LD_RUNPATH_SEARCH_PATHS = "$(inherited) @executable_path/Frameworks";
				PRODUCT_BUNDLE_IDENTIFIER = aimobier;
				PRODUCT_NAME = "$(TARGET_NAME)";
				PROVISIONING_PROFILE = "";
			};
			name = Debug;
		};
		AEDF789B1CCE242700FACFCB /* Release */ = {
			isa = XCBuildConfiguration;
			baseConfigurationReference = 0ABB9EF8D2247FF4107C43C3 /* Pods-Album.release.xcconfig */;
			buildSettings = {
				ASSETCATALOG_COMPILER_APPICON_NAME = AppIcon;
				CODE_SIGN_IDENTITY = "iPhone Developer";
				"CODE_SIGN_IDENTITY[sdk=iphoneos*]" = "iPhone Developer";
				INFOPLIST_FILE = Album/Info.plist;
				IPHONEOS_DEPLOYMENT_TARGET = 9.0;
				LD_RUNPATH_SEARCH_PATHS = "$(inherited) @executable_path/Frameworks";
				PRODUCT_BUNDLE_IDENTIFIER = aimobier;
				PRODUCT_NAME = "$(TARGET_NAME)";
				PROVISIONING_PROFILE = "";
			};
			name = Release;
		};
/* End XCBuildConfiguration section */

/* Begin XCConfigurationList section */
		AEDF78821CCE242600FACFCB /* Build configuration list for PBXProject "Album" */ = {
			isa = XCConfigurationList;
			buildConfigurations = (
				AEDF78971CCE242700FACFCB /* Debug */,
				AEDF78981CCE242700FACFCB /* Release */,
			);
			defaultConfigurationIsVisible = 0;
			defaultConfigurationName = Release;
		};
		AEDF78991CCE242700FACFCB /* Build configuration list for PBXNativeTarget "Album" */ = {
			isa = XCConfigurationList;
			buildConfigurations = (
				AEDF789A1CCE242700FACFCB /* Debug */,
				AEDF789B1CCE242700FACFCB /* Release */,
			);
			defaultConfigurationIsVisible = 0;
			defaultConfigurationName = Release;
		};
/* End XCConfigurationList section */
	};
	rootObject = AEDF787F1CCE242600FACFCB /* Project object */;
}
